
Microsoft Visual Studio Solution File, Format Version 10.00
# Visual Studio 2008
Project("{8BC9CEB8-8B4A-11D0-8D11-00A0C91BC942}") = "TwoSum_3", "TwoSum_3\TwoSum_3.vcproj", "{E68014C0-E13D-4D52-B04C-E881F05F7AEE}"
EndProject
Global
	GlobalSection(SolutionConfigurationPlatforms) = preSolution
		Debug|Win32 = Debug|Win32
		Release|Win32 = Release|Win32
	EndGlobalSection
	GlobalSection(ProjectConfigurationPlatforms) = postSolution
		{E68014C0-E13D-4D52-B04C-E881F05F7AEE}.Debug|Win32.ActiveCfg = Debug|Win32
		{E68014C0-E13D-4D52-B04C-E881F05F7AEE}.Debug|Win32.Build.0 = Debug|Win32
		{E68014C0-E13D-4D52-B04C-E881F05F7AEE}.Release|Win32.ActiveCfg = Release|Win32
		{E68014C0-E13D-4D52-B04C-E881F05F7AEE}.Release|Win32.Build.0 = Release|Win32
	EndGlobalSection
	GlobalSection(SolutionProperties) = preSolution
		HideSolutionNode = FALSE
	EndGlobalSection
EndGlobal
