
Microsoft Visual Studio Solution File, Format Version 10.00
# Visual Studio 2008
Project("{8BC9CEB8-8B4A-11D0-8D11-00A0C91BC942}") = "TwoSum_2", "TwoSum_2\TwoSum_2.vcproj", "{7F41E9A9-8A94-40DB-85F1-DB1F7A90DE73}"
EndProject
Global
	GlobalSection(SolutionConfigurationPlatforms) = preSolution
		Debug|Win32 = Debug|Win32
		Release|Win32 = Release|Win32
	EndGlobalSection
	GlobalSection(ProjectConfigurationPlatforms) = postSolution
		{7F41E9A9-8A94-40DB-85F1-DB1F7A90DE73}.Debug|Win32.ActiveCfg = Debug|Win32
		{7F41E9A9-8A94-40DB-85F1-DB1F7A90DE73}.Debug|Win32.Build.0 = Debug|Win32
		{7F41E9A9-8A94-40DB-85F1-DB1F7A90DE73}.Release|Win32.ActiveCfg = Release|Win32
		{7F41E9A9-8A94-40DB-85F1-DB1F7A90DE73}.Release|Win32.Build.0 = Release|Win32
	EndGlobalSection
	GlobalSection(SolutionProperties) = preSolution
		HideSolutionNode = FALSE
	EndGlobalSection
EndGlobal
